
Microsoft Visual Studio Solution File, Format Version 12.00
# Visual Studio Version 16
VisualStudioVersion = 16.0.30310.162
MinimumVisualStudioVersion = 10.0.40219.1
Project("{FAE04EC0-301F-11D3-BF4B-00C04F79EFBC}") = "RandomPlayerSpawning", "RandomPlayerSpawning.csproj", "{3AC39707-954C-4EB0-B98E-18E0B9B9D292}"
EndProject
Global
	GlobalSection(SolutionConfigurationPlatforms) = preSolution
		Debug|Any CPU = Debug|Any CPU
		Release|Any CPU = Release|Any CPU
	EndGlobalSection
	GlobalSection(ProjectConfigurationPlatforms) = postSolution
		{3AC39707-954C-4EB0-B98E-18E0B9B9D292}.Debug|Any CPU.ActiveCfg = Debug|Any CPU
		{3AC39707-954C-4EB0-B98E-18E0B9B9D292}.Debug|Any CPU.Build.0 = Debug|Any CPU
		{3AC39707-954C-4EB0-B98E-18E0B9B9D292}.Release|Any CPU.ActiveCfg = Release|Any CPU
		{3AC39707-954C-4EB0-B98E-18E0B9B9D292}.Release|Any CPU.Build.0 = Release|Any CPU
	EndGlobalSection
	GlobalSection(SolutionProperties) = preSolution
		HideSolutionNode = FALSE
	EndGlobalSection
	GlobalSection(ExtensibilityGlobals) = postSolution
		SolutionGuid = {8BBD4D7A-6B98-48EC-BD87-6BD8FBD76C57}
	EndGlobalSection
EndGlobal
